{
    "egulias/email-validator": {
        "version": "3.1.1"
    },
    "php": {
        "version": "7.2"
    },
    "swiftmailer/swiftmailer": {
        "version": "v6.2.7"
    },
    "symfony/apache-pack": {
        "version": "1.0",
        "recipe": {
            "repo": "github.com/symfony/recipes-contrib",
            "branch": "master",
            "version": "1.0",
            "ref": "71599f5b0fdeeeec0fb90e9b17c85e6f5e1350c1"
        },
        "files": [
            "public/.htaccess"
        ]
    },
    "symfony/google-mailer": {
        "version": "4.4",
        "recipe": {
            "repo": "github.com/symfony/recipes",
            "branch": "master",
            "version": "4.4",
            "ref": "f8fd4ddb9b477510f8f4bce2b9c054ab428c0120"
        }
    },
    "symfony/mailer": {
        "version": "4.3",
        "recipe": {
            "repo": "github.com/symfony/recipes",
            "branch": "master",
            "version": "4.3",
            "ref": "15658c2a0176cda2e7dba66276a2030b52bd81b2"
        },
        "files": [
            "config/packages/mailer.yaml"
        ]
    },
    "symfony/mime": {
        "version": "v5.2.6"
    },
    "symfony/polyfill-intl-idn": {
        "version": "v1.22.1"
    },
    "symfony/property-access": {
        "version": "v5.2.4"
    },
    "symfony/property-info": {
        "version": "v5.2.4"
    },
    "symfony/security-bundle": {
        "version": "5.1",
        "recipe": {
            "repo": "github.com/symfony/recipes",
            "branch": "master",
            "version": "5.1",
            "ref": "0a4bae19389d3b9cba1ca0102e3b2bccea724603"
        },
        "files": [
            "config/packages/security.yaml"
        ]
    },
    "symfony/security-core": {
        "version": "v5.2.6"
    },
    "symfony/security-csrf": {
        "version": "v5.2.4"
    },
    "symfony/security-guard": {
        "version": "v5.2.4"
    },
    "symfony/security-http": {
        "version": "v5.2.6"
    },
    "symfony/sendgrid-mailer": {
        "version": "4.4",
        "recipe": {
            "repo": "github.com/symfony/recipes",
            "branch": "master",
            "version": "4.4",
            "ref": "b46e4f8f1adb2864f0aa9c0ff57aea3324a07199"
        }
    },
    "symfony/swiftmailer-bundle": {
        "version": "2.5",
        "recipe": {
            "repo": "github.com/symfony/recipes",
            "branch": "master",
            "version": "2.5",
            "ref": "ae4d22af30bbd484506bc1817c5a3ef72c855b93"
        },
        "files": [
            "config/packages/dev/swiftmailer.yaml",
            "config/packages/swiftmailer.yaml",
            "config/packages/test/swiftmailer.yaml"
        ]
    }
}
